
Microsoft Visual Studio Solution File, Format Version 12.00
# Visual Studio 15
VisualStudioVersion = 15.0.28307.271
MinimumVisualStudioVersion = 10.0.40219.1
Project("{FAE04EC0-301F-11D3-BF4B-00C04F79EFBC}") = "HelloWorld", "HelloWorld\HelloWorld.csproj", "{1AEE58B2-3B81-436D-B9C2-A1F557AEEAB0}"
EndProject
Global
	GlobalSection(SolutionConfigurationPlatforms) = preSolution
		Debug|Any CPU = Debug|Any CPU
		Release|Any CPU = Release|Any CPU
	EndGlobalSection
	GlobalSection(ProjectConfigurationPlatforms) = postSolution
		{1AEE58B2-3B81-436D-B9C2-A1F557AEEAB0}.Debug|Any CPU.ActiveCfg = Debug|Any CPU
		{1AEE58B2-3B81-436D-B9C2-A1F557AEEAB0}.Debug|Any CPU.Build.0 = Debug|Any CPU
		{1AEE58B2-3B81-436D-B9C2-A1F557AEEAB0}.Release|Any CPU.ActiveCfg = Release|Any CPU
		{1AEE58B2-3B81-436D-B9C2-A1F557AEEAB0}.Release|Any CPU.Build.0 = Release|Any CPU
	EndGlobalSection
	GlobalSection(SolutionProperties) = preSolution
		HideSolutionNode = FALSE
	EndGlobalSection
	GlobalSection(ExtensibilityGlobals) = postSolution
		SolutionGuid = {E074BA42-02C5-4733-94F0-BF587463020F}
	EndGlobalSection
EndGlobal
